// !$*UTF8*$!
{
	archiveVersion = 1;
	classes = {
	};
	objectVersion = 46;
	objects = {

/* Begin PBXBuildFile section */
		451DC1811A798CC300439E3B /* NewWordViewController.m in Sources */ = {isa = PBXBuildFile; fileRef = 451DC1801A798CC300439E3B /* NewWordViewController.m */; };
		455B9CF41A7765D8001247D1 /* Bolts.framework in Frameworks */ = {isa = PBXBuildFile; fileRef = 455B9CEF1A7765D8001247D1 /* Bolts.framework */; };
		455B9CF51A7765D8001247D1 /* Parse.framework in Frameworks */ = {isa = PBXBuildFile; fileRef = 455B9CF01A7765D8001247D1 /* Parse.framework */; };
		455B9CF61A7765D8001247D1 /* ParseCrashReporting.framework in Frameworks */ = {isa = PBXBuildFile; fileRef = 455B9CF11A7765D8001247D1 /* ParseCrashReporting.framework */; };
		455B9CF71A7765D8001247D1 /* ParseFacebookUtils.framework in Frameworks */ = {isa = PBXBuildFile; fileRef = 455B9CF21A7765D8001247D1 /* ParseFacebookUtils.framework */; };
		455B9CF81A7765D8001247D1 /* ParseUI.framework in Frameworks */ = {isa = PBXBuildFile; fileRef = 455B9CF31A7765D8001247D1 /* ParseUI.framework */; };
		455B9CFA1A7765F5001247D1 /* AudioToolbox.framework in Frameworks */ = {isa = PBXBuildFile; fileRef = 455B9CF91A7765F5001247D1 /* AudioToolbox.framework */; };
		455B9D021A776625001247D1 /* CFNetwork.framework in Frameworks */ = {isa = PBXBuildFile; fileRef = 455B9CFB1A776625001247D1 /* CFNetwork.framework */; };
		455B9D031A776625001247D1 /* CoreGraphics.framework in Frameworks */ = {isa = PBXBuildFile; fileRef = 455B9CFC1A776625001247D1 /* CoreGraphics.framework */; };
		455B9D041A776625001247D1 /* CoreLocation.framework in Frameworks */ = {isa = PBXBuildFile; fileRef = 455B9CFD1A776625001247D1 /* CoreLocation.framework */; };
		455B9D051A776625001247D1 /* MobileCoreServices.framework in Frameworks */ = {isa = PBXBuildFile; fileRef = 455B9CFE1A776625001247D1 /* MobileCoreServices.framework */; };
		455B9D061A776625001247D1 /* QuartzCore.framework in Frameworks */ = {isa = PBXBuildFile; fileRef = 455B9CFF1A776625001247D1 /* QuartzCore.framework */; };
		455B9D071A776625001247D1 /* Security.framework in Frameworks */ = {isa = PBXBuildFile; fileRef = 455B9D001A776625001247D1 /* Security.framework */; };
		455B9D081A776625001247D1 /* SystemConfiguration.framework in Frameworks */ = {isa = PBXBuildFile; fileRef = 455B9D011A776625001247D1 /* SystemConfiguration.framework */; };
		455B9D0A1A77662D001247D1 /* StoreKit.framework in Frameworks */ = {isa = PBXBuildFile; fileRef = 455B9D091A77662D001247D1 /* StoreKit.framework */; };
		455B9D0C1A776636001247D1 /* libz.dylib in Frameworks */ = {isa = PBXBuildFile; fileRef = 455B9D0B1A776636001247D1 /* libz.dylib */; };
		455B9D0E1A77663E001247D1 /* libsqlite3.dylib in Frameworks */ = {isa = PBXBuildFile; fileRef = 455B9D0D1A77663E001247D1 /* libsqlite3.dylib */; };
		456037F21A77203400C7A230 /* main.m in Sources */ = {isa = PBXBuildFile; fileRef = 456037F11A77203400C7A230 /* main.m */; };
		456037F51A77203400C7A230 /* AppDelegate.m in Sources */ = {isa = PBXBuildFile; fileRef = 456037F41A77203400C7A230 /* AppDelegate.m */; };
		456037F81A77203400C7A230 /* ViewController.m in Sources */ = {isa = PBXBuildFile; fileRef = 456037F71A77203400C7A230 /* ViewController.m */; };
		456037FB1A77203400C7A230 /* Main.storyboard in Resources */ = {isa = PBXBuildFile; fileRef = 456037F91A77203400C7A230 /* Main.storyboard */; };
		456037FD1A77203400C7A230 /* Images.xcassets in Resources */ = {isa = PBXBuildFile; fileRef = 456037FC1A77203400C7A230 /* Images.xcassets */; };
		456038001A77203400C7A230 /* LaunchScreen.xib in Resources */ = {isa = PBXBuildFile; fileRef = 456037FE1A77203400C7A230 /* LaunchScreen.xib */; };
		4560380C1A77203500C7A230 /* justgoTests.m in Sources */ = {isa = PBXBuildFile; fileRef = 4560380B1A77203500C7A230 /* justgoTests.m */; };
		4567B6181ABF81E100A0B663 /* AppViewController.m in Sources */ = {isa = PBXBuildFile; fileRef = 4567B6171ABF81E100A0B663 /* AppViewController.m */; };
		45D169D31AC2422300A7FC1F /* WidgetCells.m in Sources */ = {isa = PBXBuildFile; fileRef = 45D169D21AC2422300A7FC1F /* WidgetCells.m */; };
		45E0BF431A777388003EBC47 /* PopularViewController.m in Sources */ = {isa = PBXBuildFile; fileRef = 45E0BF421A777388003EBC47 /* PopularViewController.m */; };
/* End PBXBuildFile section */

/* Begin PBXContainerItemProxy section */
		456038061A77203400C7A230 /* PBXContainerItemProxy */ = {
			isa = PBXContainerItemProxy;
			containerPortal = 456037E41A77203400C7A230 /* Project object */;
			proxyType = 1;
			remoteGlobalIDString = 456037EB1A77203400C7A230;
			remoteInfo = justgo;
		};
/* End PBXContainerItemProxy section */

/* Begin PBXFileReference section */
		451DC17F1A798CC300439E3B /* NewWordViewController.h */ = {isa = PBXFileReference; fileEncoding = 4; lastKnownFileType = sourcecode.c.h; path = NewWordViewController.h; sourceTree = "<group>"; };
		451DC1801A798CC300439E3B /* NewWordViewController.m */ = {isa = PBXFileReference; fileEncoding = 4; lastKnownFileType = sourcecode.c.objc; path = NewWordViewController.m; sourceTree = "<group>"; };
		455B9CEF1A7765D8001247D1 /* Bolts.framework */ = {isa = PBXFileReference; lastKnownFileType = wrapper.framework; path = Bolts.framework; sourceTree = "<group>"; };
		455B9CF01A7765D8001247D1 /* Parse.framework */ = {isa = PBXFileReference; lastKnownFileType = wrapper.framework; path = Parse.framework; sourceTree = "<group>"; };
		455B9CF11A7765D8001247D1 /* ParseCrashReporting.framework */ = {isa = PBXFileReference; lastKnownFileType = wrapper.framework; path = ParseCrashReporting.framework; sourceTree = "<group>"; };
		455B9CF21A7765D8001247D1 /* ParseFacebookUtils.framework */ = {isa = PBXFileReference; lastKnownFileType = wrapper.framework; path = ParseFacebookUtils.framework; sourceTree = "<group>"; };
		455B9CF31A7765D8001247D1 /* ParseUI.framework */ = {isa = PBXFileReference; lastKnownFileType = wrapper.framework; path = ParseUI.framework; sourceTree = "<group>"; };
		455B9CF91A7765F5001247D1 /* AudioToolbox.framework */ = {isa = PBXFileReference; lastKnownFileType = wrapper.framework; name = AudioToolbox.framework; path = System/Library/Frameworks/AudioToolbox.framework; sourceTree = SDKROOT; };
		455B9CFB1A776625001247D1 /* CFNetwork.framework */ = {isa = PBXFileReference; lastKnownFileType = wrapper.framework; name = CFNetwork.framework; path = System/Library/Frameworks/CFNetwork.framework; sourceTree = SDKROOT; };
		455B9CFC1A776625001247D1 /* CoreGraphics.framework */ = {isa = PBXFileReference; lastKnownFileType = wrapper.framework; name = CoreGraphics.framework; path = System/Library/Frameworks/CoreGraphics.framework; sourceTree = SDKROOT; };
		455B9CFD1A776625001247D1 /* CoreLocation.framework */ = {isa = PBXFileReference; lastKnownFileType = wrapper.framework; name = CoreLocation.framework; path = System/Library/Frameworks/CoreLocation.framework; sourceTree = SDKROOT; };
		455B9CFE1A776625001247D1 /* MobileCoreServices.framework */ = {isa = PBXFileReference; lastKnownFileType = wrapper.framework; name = MobileCoreServices.framework; path = System/Library/Frameworks/MobileCoreServices.framework; sourceTree = SDKROOT; };
		455B9CFF1A776625001247D1 /* QuartzCore.framework */ = {isa = PBXFileReference; lastKnownFileType = wrapper.framework; name = QuartzCore.framework; path = System/Library/Frameworks/QuartzCore.framework; sourceTree = SDKROOT; };
		455B9D001A776625001247D1 /* Security.framework */ = {isa = PBXFileReference; lastKnownFileType = wrapper.framework; name = Security.framework; path = System/Library/Frameworks/Security.framework; sourceTree = SDKROOT; };
		455B9D011A776625001247D1 /* SystemConfiguration.framework */ = {isa = PBXFileReference; lastKnownFileType = wrapper.framework; name = SystemConfiguration.framework; path = System/Library/Frameworks/SystemConfiguration.framework; sourceTree = SDKROOT; };
		455B9D091A77662D001247D1 /* StoreKit.framework */ = {isa = PBXFileReference; lastKnownFileType = wrapper.framework; name = StoreKit.framework; path = System/Library/Frameworks/StoreKit.framework; sourceTree = SDKROOT; };
		455B9D0B1A776636001247D1 /* libz.dylib */ = {isa = PBXFileReference; lastKnownFileType = "compiled.mach-o.dylib"; name = libz.dylib; path = usr/lib/libz.dylib; sourceTree = SDKROOT; };
		455B9D0D1A77663E001247D1 /* libsqlite3.dylib */ = {isa = PBXFileReference; lastKnownFileType = "compiled.mach-o.dylib"; name = libsqlite3.dylib; path = usr/lib/libsqlite3.dylib; sourceTree = SDKROOT; };
		456037EC1A77203400C7A230 /* justgo.app */ = {isa = PBXFileReference; explicitFileType = wrapper.application; includeInIndex = 0; path = justgo.app; sourceTree = BUILT_PRODUCTS_DIR; };
		456037F01A77203400C7A230 /* Info.plist */ = {isa = PBXFileReference; lastKnownFileType = text.plist.xml; path = Info.plist; sourceTree = "<group>"; };
		456037F11A77203400C7A230 /* main.m */ = {isa = PBXFileReference; lastKnownFileType = sourcecode.c.objc; path = main.m; sourceTree = "<group>"; };
		456037F31A77203400C7A230 /* AppDelegate.h */ = {isa = PBXFileReference; lastKnownFileType = sourcecode.c.h; path = AppDelegate.h; sourceTree = "<group>"; };
		456037F41A77203400C7A230 /* AppDelegate.m */ = {isa = PBXFileReference; lastKnownFileType = sourcecode.c.objc; path = AppDelegate.m; sourceTree = "<group>"; };
		456037F61A77203400C7A230 /* ViewController.h */ = {isa = PBXFileReference; lastKnownFileType = sourcecode.c.h; path = ViewController.h; sourceTree = "<group>"; };
		456037F71A77203400C7A230 /* ViewController.m */ = {isa = PBXFileReference; lastKnownFileType = sourcecode.c.objc; path = ViewController.m; sourceTree = "<group>"; };
		456037FA1A77203400C7A230 /* Base */ = {isa = PBXFileReference; lastKnownFileType = file.storyboard; name = Base; path = Base.lproj/Main.storyboard; sourceTree = "<group>"; };
		456037FC1A77203400C7A230 /* Images.xcassets */ = {isa = PBXFileReference; lastKnownFileType = folder.assetcatalog; path = Images.xcassets; sourceTree = "<group>"; };
		456037FF1A77203400C7A230 /* Base */ = {isa = PBXFileReference; lastKnownFileType = file.xib; name = Base; path = Base.lproj/LaunchScreen.xib; sourceTree = "<group>"; };
		456038051A77203400C7A230 /* justgoTests.xctest */ = {isa = PBXFileReference; explicitFileType = wrapper.cfbundle; includeInIndex = 0; path = justgoTests.xctest; sourceTree = BUILT_PRODUCTS_DIR; };
		4560380A1A77203400C7A230 /* Info.plist */ = {isa = PBXFileReference; lastKnownFileType = text.plist.xml; path = Info.plist; sourceTree = "<group>"; };
		4560380B1A77203500C7A230 /* justgoTests.m */ = {isa = PBXFileReference; lastKnownFileType = sourcecode.c.objc; path = justgoTests.m; sourceTree = "<group>"; };
		4567B6161ABF81E100A0B663 /* AppViewController.h */ = {isa = PBXFileReference; fileEncoding = 4; lastKnownFileType = sourcecode.c.h; path = AppViewController.h; sourceTree = "<group>"; };
		4567B6171ABF81E100A0B663 /* AppViewController.m */ = {isa = PBXFileReference; fileEncoding = 4; lastKnownFileType = sourcecode.c.objc; path = AppViewController.m; sourceTree = "<group>"; };
		45D169D11AC2422300A7FC1F /* WidgetCells.h */ = {isa = PBXFileReference; fileEncoding = 4; lastKnownFileType = sourcecode.c.h; path = WidgetCells.h; sourceTree = "<group>"; };
		45D169D21AC2422300A7FC1F /* WidgetCells.m */ = {isa = PBXFileReference; fileEncoding = 4; lastKnownFileType = sourcecode.c.objc; path = WidgetCells.m; sourceTree = "<group>"; };
		45E0BF411A777388003EBC47 /* PopularViewController.h */ = {isa = PBXFileReference; fileEncoding = 4; lastKnownFileType = sourcecode.c.h; path = PopularViewController.h; sourceTree = "<group>"; };
		45E0BF421A777388003EBC47 /* PopularViewController.m */ = {isa = PBXFileReference; fileEncoding = 4; lastKnownFileType = sourcecode.c.objc; path = PopularViewController.m; sourceTree = "<group>"; };
/* End PBXFileReference section */

/* Begin PBXFrameworksBuildPhase section */
		456037E91A77203400C7A230 /* Frameworks */ = {
			isa = PBXFrameworksBuildPhase;
			buildActionMask = 2147483647;
			files = (
				455B9D0E1A77663E001247D1 /* libsqlite3.dylib in Frameworks */,
				455B9D0C1A776636001247D1 /* libz.dylib in Frameworks */,
				455B9D0A1A77662D001247D1 /* StoreKit.framework in Frameworks */,
				455B9D021A776625001247D1 /* CFNetwork.framework in Frameworks */,
				455B9D031A776625001247D1 /* CoreGraphics.framework in Frameworks */,
				455B9D041A776625001247D1 /* CoreLocation.framework in Frameworks */,
				455B9D051A776625001247D1 /* MobileCoreServices.framework in Frameworks */,
				455B9D061A776625001247D1 /* QuartzCore.framework in Frameworks */,
				455B9D071A776625001247D1 /* Security.framework in Frameworks */,
				455B9D081A776625001247D1 /* SystemConfiguration.framework in Frameworks */,
				455B9CFA1A7765F5001247D1 /* AudioToolbox.framework in Frameworks */,
				455B9CF51A7765D8001247D1 /* Parse.framework in Frameworks */,
				455B9CF61A7765D8001247D1 /* ParseCrashReporting.framework in Frameworks */,
				455B9CF81A7765D8001247D1 /* ParseUI.framework in Frameworks */,
				455B9CF71A7765D8001247D1 /* ParseFacebookUtils.framework in Frameworks */,
				455B9CF41A7765D8001247D1 /* Bolts.framework in Frameworks */,
			);
			runOnlyForDeploymentPostprocessing = 0;
		};
		456038021A77203400C7A230 /* Frameworks */ = {
			isa = PBXFrameworksBuildPhase;
			buildActionMask = 2147483647;
			files = (
			);
			runOnlyForDeploymentPostprocessing = 0;
		};
/* End PBXFrameworksBuildPhase section */

/* Begin PBXGroup section */
		455B9CEE1A7765BD001247D1 /* Frameworks */ = {
			isa = PBXGroup;
			children = (
				455B9D0D1A77663E001247D1 /* libsqlite3.dylib */,
				455B9D0B1A776636001247D1 /* libz.dylib */,
				455B9D091A77662D001247D1 /* StoreKit.framework */,
				455B9CFB1A776625001247D1 /* CFNetwork.framework */,
				455B9CFC1A776625001247D1 /* CoreGraphics.framework */,
				455B9CFD1A776625001247D1 /* CoreLocation.framework */,
				455B9CFE1A776625001247D1 /* MobileCoreServices.framework */,
				455B9CFF1A776625001247D1 /* QuartzCore.framework */,
				455B9D001A776625001247D1 /* Security.framework */,
				455B9D011A776625001247D1 /* SystemConfiguration.framework */,
				455B9CF91A7765F5001247D1 /* AudioToolbox.framework */,
				455B9CEF1A7765D8001247D1 /* Bolts.framework */,
				455B9CF01A7765D8001247D1 /* Parse.framework */,
				455B9CF11A7765D8001247D1 /* ParseCrashReporting.framework */,
				455B9CF21A7765D8001247D1 /* ParseFacebookUtils.framework */,
				455B9CF31A7765D8001247D1 /* ParseUI.framework */,
			);
			name = Frameworks;
			sourceTree = "<group>";
		};
		456037E31A77203400C7A230 = {
			isa = PBXGroup;
			children = (
				455B9CEE1A7765BD001247D1 /* Frameworks */,
				456037EE1A77203400C7A230 /* justgo */,
				456038081A77203400C7A230 /* justgoTests */,
				456037ED1A77203400C7A230 /* Products */,
			);
			sourceTree = "<group>";
		};
		456037ED1A77203400C7A230 /* Products */ = {
			isa = PBXGroup;
			children = (
				456037EC1A77203400C7A230 /* justgo.app */,
				456038051A77203400C7A230 /* justgoTests.xctest */,
			);
			name = Products;
			sourceTree = "<group>";
		};
		456037EE1A77203400C7A230 /* justgo */ = {
			isa = PBXGroup;
			children = (
				456037F31A77203400C7A230 /* AppDelegate.h */,
				456037F41A77203400C7A230 /* AppDelegate.m */,
				456037F61A77203400C7A230 /* ViewController.h */,
				456037F71A77203400C7A230 /* ViewController.m */,
				456037F91A77203400C7A230 /* Main.storyboard */,
				451DC17F1A798CC300439E3B /* NewWordViewController.h */,
				451DC1801A798CC300439E3B /* NewWordViewController.m */,
				4567B6161ABF81E100A0B663 /* AppViewController.h */,
				4567B6171ABF81E100A0B663 /* AppViewController.m */,
				45D169D11AC2422300A7FC1F /* WidgetCells.h */,
				45D169D21AC2422300A7FC1F /* WidgetCells.m */,
				45E0BF411A777388003EBC47 /* PopularViewController.h */,
				45E0BF421A777388003EBC47 /* PopularViewController.m */,
				456037FC1A77203400C7A230 /* Images.xcassets */,
				456037FE1A77203400C7A230 /* LaunchScreen.xib */,
				456037EF1A77203400C7A230 /* Supporting Files */,
			);
			path = justgo;
			sourceTree = "<group>";
		};
		456037EF1A77203400C7A230 /* Supporting Files */ = {
			isa = PBXGroup;
			children = (
				456037F01A77203400C7A230 /* Info.plist */,
				456037F11A77203400C7A230 /* main.m */,
			);
			name = "Supporting Files";
			sourceTree = "<group>";
		};
		456038081A77203400C7A230 /* justgoTests */ = {
			isa = PBXGroup;
			children = (
				4560380B1A77203500C7A230 /* justgoTests.m */,
				456038091A77203400C7A230 /* Supporting Files */,
			);
			path = justgoTests;
			sourceTree = "<group>";
		};
		456038091A77203400C7A230 /* Supporting Files */ = {
			isa = PBXGroup;
			children = (
				4560380A1A77203400C7A230 /* Info.plist */,
			);
			name = "Supporting Files";
			sourceTree = "<group>";
		};
/* End PBXGroup section */

/* Begin PBXNativeTarget section */
		456037EB1A77203400C7A230 /* justgo */ = {
			isa = PBXNativeTarget;
			buildConfigurationList = 4560380F1A77203500C7A230 /* Build configuration list for PBXNativeTarget "justgo" */;
			buildPhases = (
				456037E81A77203400C7A230 /* Sources */,
				456037E91A77203400C7A230 /* Frameworks */,
				456037EA1A77203400C7A230 /* Resources */,
			);
			buildRules = (
			);
			dependencies = (
			);
			name = justgo;
			productName = justgo;
			productReference = 456037EC1A77203400C7A230 /* justgo.app */;
			productType = "com.apple.product-type.application";
		};
		456038041A77203400C7A230 /* justgoTests */ = {
			isa = PBXNativeTarget;
			buildConfigurationList = 456038121A77203500C7A230 /* Build configuration list for PBXNativeTarget "justgoTests" */;
			buildPhases = (
				456038011A77203400C7A230 /* Sources */,
				456038021A77203400C7A230 /* Frameworks */,
				456038031A77203400C7A230 /* Resources */,
			);
			buildRules = (
			);
			dependencies = (
				456038071A77203400C7A230 /* PBXTargetDependency */,
			);
			name = justgoTests;
			productName = justgoTests;
			productReference = 456038051A77203400C7A230 /* justgoTests.xctest */;
			productType = "com.apple.product-type.bundle.unit-test";
		};
/* End PBXNativeTarget section */

/* Begin PBXProject section */
		456037E41A77203400C7A230 /* Project object */ = {
			isa = PBXProject;
			attributes = {
				LastUpgradeCheck = 0610;
				ORGANIZATIONNAME = "Andrew Boryk";
				TargetAttributes = {
					456037EB1A77203400C7A230 = {
						CreatedOnToolsVersion = 6.1.1;
					};
					456038041A77203400C7A230 = {
						CreatedOnToolsVersion = 6.1.1;
						TestTargetID = 456037EB1A77203400C7A230;
					};
				};
			};
			buildConfigurationList = 456037E71A77203400C7A230 /* Build configuration list for PBXProject "justgo" */;
			compatibilityVersion = "Xcode 3.2";
			developmentRegion = English;
			hasScannedForEncodings = 0;
			knownRegions = (
				en,
				Base,
			);
			mainGroup = 456037E31A77203400C7A230;
			productRefGroup = 456037ED1A77203400C7A230 /* Products */;
			projectDirPath = "";
			projectRoot = "";
			targets = (
				456037EB1A77203400C7A230 /* justgo */,
				456038041A77203400C7A230 /* justgoTests */,
			);
		};
/* End PBXProject section */

/* Begin PBXResourcesBuildPhase section */
		456037EA1A77203400C7A230 /* Resources */ = {
			isa = PBXResourcesBuildPhase;
			buildActionMask = 2147483647;
			files = (
				456037FB1A77203400C7A230 /* Main.storyboard in Resources */,
				456038001A77203400C7A230 /* LaunchScreen.xib in Resources */,
				456037FD1A77203400C7A230 /* Images.xcassets in Resources */,
			);
			runOnlyForDeploymentPostprocessing = 0;
		};
		456038031A77203400C7A230 /* Resources */ = {
			isa = PBXResourcesBuildPhase;
			buildActionMask = 2147483647;
			files = (
			);
			runOnlyForDeploymentPostprocessing = 0;
		};
/* End PBXResourcesBuildPhase section */

/* Begin PBXSourcesBuildPhase section */
		456037E81A77203400C7A230 /* Sources */ = {
			isa = PBXSourcesBuildPhase;
			buildActionMask = 2147483647;
			files = (
				45E0BF431A777388003EBC47 /* PopularViewController.m in Sources */,
				456037F81A77203400C7A230 /* ViewController.m in Sources */,
				456037F51A77203400C7A230 /* AppDelegate.m in Sources */,
				45D169D31AC2422300A7FC1F /* WidgetCells.m in Sources */,
				456037F21A77203400C7A230 /* main.m in Sources */,
				4567B6181ABF81E100A0B663 /* AppViewController.m in Sources */,
				451DC1811A798CC300439E3B /* NewWordViewController.m in Sources */,
			);
			runOnlyForDeploymentPostprocessing = 0;
		};
		456038011A77203400C7A230 /* Sources */ = {
			isa = PBXSourcesBuildPhase;
			buildActionMask = 2147483647;
			files = (
				4560380C1A77203500C7A230 /* justgoTests.m in Sources */,
			);
			runOnlyForDeploymentPostprocessing = 0;
		};
/* End PBXSourcesBuildPhase section */

/* Begin PBXTargetDependency section */
		456038071A77203400C7A230 /* PBXTargetDependency */ = {
			isa = PBXTargetDependency;
			target = 456037EB1A77203400C7A230 /* justgo */;
			targetProxy = 456038061A77203400C7A230 /* PBXContainerItemProxy */;
		};
/* End PBXTargetDependency section */

/* Begin PBXVariantGroup section */
		456037F91A77203400C7A230 /* Main.storyboard */ = {
			isa = PBXVariantGroup;
			children = (
				456037FA1A77203400C7A230 /* Base */,
			);
			name = Main.storyboard;
			sourceTree = "<group>";
		};
		456037FE1A77203400C7A230 /* LaunchScreen.xib */ = {
			isa = PBXVariantGroup;
			children = (
				456037FF1A77203400C7A230 /* Base */,
			);
			name = LaunchScreen.xib;
			sourceTree = "<group>";
		};
/* End PBXVariantGroup section */

/* Begin XCBuildConfiguration section */
		4560380D1A77203500C7A230 /* Debug */ = {
			isa = XCBuildConfiguration;
			buildSettings = {
				ALWAYS_SEARCH_USER_PATHS = NO;
				CLANG_CXX_LANGUAGE_STANDARD = "gnu++0x";
				CLANG_CXX_LIBRARY = "libc++";
				CLANG_ENABLE_MODULES = YES;
				CLANG_ENABLE_OBJC_ARC = YES;
				CLANG_WARN_BOOL_CONVERSION = YES;
				CLANG_WARN_CONSTANT_CONVERSION = YES;
				CLANG_WARN_DIRECT_OBJC_ISA_USAGE = YES_ERROR;
				CLANG_WARN_EMPTY_BODY = YES;
				CLANG_WARN_ENUM_CONVERSION = YES;
				CLANG_WARN_INT_CONVERSION = YES;
				CLANG_WARN_OBJC_ROOT_CLASS = YES_ERROR;
				CLANG_WARN_UNREACHABLE_CODE = YES;
				CLANG_WARN__DUPLICATE_METHOD_MATCH = YES;
				"CODE_SIGN_IDENTITY[sdk=iphoneos*]" = "iPhone Developer";
				COPY_PHASE_STRIP = NO;
				ENABLE_STRICT_OBJC_MSGSEND = YES;
				GCC_C_LANGUAGE_STANDARD = gnu99;
				GCC_DYNAMIC_NO_PIC = NO;
				GCC_OPTIMIZATION_LEVEL = 0;
				GCC_PREPROCESSOR_DEFINITIONS = (
					"DEBUG=1",
					"$(inherited)",
				);
				GCC_SYMBOLS_PRIVATE_EXTERN = NO;
				GCC_WARN_64_TO_32_BIT_CONVERSION = YES;
				GCC_WARN_ABOUT_RETURN_TYPE = YES_ERROR;
				GCC_WARN_UNDECLARED_SELECTOR = YES;
				GCC_WARN_UNINITIALIZED_AUTOS = YES_AGGRESSIVE;
				GCC_WARN_UNUSED_FUNCTION = YES;
				GCC_WARN_UNUSED_VARIABLE = YES;
				IPHONEOS_DEPLOYMENT_TARGET = 8.1;
				MTL_ENABLE_DEBUG_INFO = YES;
				ONLY_ACTIVE_ARCH = YES;
				SDKROOT = iphoneos;
			};
			name = Debug;
		};
		4560380E1A77203500C7A230 /* Release */ = {
			isa = XCBuildConfiguration;
			buildSettings = {
				ALWAYS_SEARCH_USER_PATHS = NO;
				CLANG_CXX_LANGUAGE_STANDARD = "gnu++0x";
				CLANG_CXX_LIBRARY = "libc++";
				CLANG_ENABLE_MODULES = YES;
				CLANG_ENABLE_OBJC_ARC = YES;
				CLANG_WARN_BOOL_CONVERSION = YES;
				CLANG_WARN_CONSTANT_CONVERSION = YES;
				CLANG_WARN_DIRECT_OBJC_ISA_USAGE = YES_ERROR;
				CLANG_WARN_EMPTY_BODY = YES;
				CLANG_WARN_ENUM_CONVERSION = YES;
				CLANG_WARN_INT_CONVERSION = YES;
				CLANG_WARN_OBJC_ROOT_CLASS = YES_ERROR;
				CLANG_WARN_UNREACHABLE_CODE = YES;
				CLANG_WARN__DUPLICATE_METHOD_MATCH = YES;
				"CODE_SIGN_IDENTITY[sdk=iphoneos*]" = "iPhone Developer";
				COPY_PHASE_STRIP = YES;
				ENABLE_NS_ASSERTIONS = NO;
				ENABLE_STRICT_OBJC_MSGSEND = YES;
				GCC_C_LANGUAGE_STANDARD = gnu99;
				GCC_WARN_64_TO_32_BIT_CONVERSION = YES;
				GCC_WARN_ABOUT_RETURN_TYPE = YES_ERROR;
				GCC_WARN_UNDECLARED_SELECTOR = YES;
				GCC_WARN_UNINITIALIZED_AUTOS = YES_AGGRESSIVE;
				GCC_WARN_UNUSED_FUNCTION = YES;
				GCC_WARN_UNUSED_VARIABLE = YES;
				IPHONEOS_DEPLOYMENT_TARGET = 8.1;
				MTL_ENABLE_DEBUG_INFO = NO;
				SDKROOT = iphoneos;
				VALIDATE_PRODUCT = YES;
			};
			name = Release;
		};
		456038101A77203500C7A230 /* Debug */ = {
			isa = XCBuildConfiguration;
			buildSettings = {
				ASSETCATALOG_COMPILER_APPICON_NAME = AppIcon;
				FRAMEWORK_SEARCH_PATHS = (
					"$(inherited)",
					"$(PROJECT_DIR)",
				);
				INFOPLIST_FILE = justgo/Info.plist;
				LD_RUNPATH_SEARCH_PATHS = "$(inherited) @executable_path/Frameworks";
				PRODUCT_NAME = "$(TARGET_NAME)";
			};
			name = Debug;
		};
		456038111A77203500C7A230 /* Release */ = {
			isa = XCBuildConfiguration;
			buildSettings = {
				ASSETCATALOG_COMPILER_APPICON_NAME = AppIcon;
				FRAMEWORK_SEARCH_PATHS = (
					"$(inherited)",
					"$(PROJECT_DIR)",
				);
				INFOPLIST_FILE = justgo/Info.plist;
				LD_RUNPATH_SEARCH_PATHS = "$(inherited) @executable_path/Frameworks";
				PRODUCT_NAME = "$(TARGET_NAME)";
			};
			name = Release;
		};
		456038131A77203500C7A230 /* Debug */ = {
			isa = XCBuildConfiguration;
			buildSettings = {
				BUNDLE_LOADER = "$(TEST_HOST)";
				FRAMEWORK_SEARCH_PATHS = (
					"$(SDKROOT)/Developer/Library/Frameworks",
					"$(inherited)",
				);
				GCC_PREPROCESSOR_DEFINITIONS = (
					"DEBUG=1",
					"$(inherited)",
				);
				INFOPLIST_FILE = justgoTests/Info.plist;
				LD_RUNPATH_SEARCH_PATHS = "$(inherited) @executable_path/Frameworks @loader_path/Frameworks";
				PRODUCT_NAME = "$(TARGET_NAME)";
				TEST_HOST = "$(BUILT_PRODUCTS_DIR)/justgo.app/justgo";
			};
			name = Debug;
		};
		456038141A77203500C7A230 /* Release */ = {
			isa = XCBuildConfiguration;
			buildSettings = {
				BUNDLE_LOADER = "$(TEST_HOST)";
				FRAMEWORK_SEARCH_PATHS = (
					"$(SDKROOT)/Developer/Library/Frameworks",
					"$(inherited)",
				);
				INFOPLIST_FILE = justgoTests/Info.plist;
				LD_RUNPATH_SEARCH_PATHS = "$(inherited) @executable_path/Frameworks @loader_path/Frameworks";
				PRODUCT_NAME = "$(TARGET_NAME)";
				TEST_HOST = "$(BUILT_PRODUCTS_DIR)/justgo.app/justgo";
			};
			name = Release;
		};
/* End XCBuildConfiguration section */

/* Begin XCConfigurationList section */
		456037E71A77203400C7A230 /* Build configuration list for PBXProject "justgo" */ = {
			isa = XCConfigurationList;
			buildConfigurations = (
				4560380D1A77203500C7A230 /* Debug */,
				4560380E1A77203500C7A230 /* Release */,
			);
			defaultConfigurationIsVisible = 0;
			defaultConfigurationName = Release;
		};
		4560380F1A77203500C7A230 /* Build configuration list for PBXNativeTarget "justgo" */ = {
			isa = XCConfigurationList;
			buildConfigurations = (
				456038101A77203500C7A230 /* Debug */,
				456038111A77203500C7A230 /* Release */,
			);
			defaultConfigurationIsVisible = 0;
			defaultConfigurationName = Release;
		};
		456038121A77203500C7A230 /* Build configuration list for PBXNativeTarget "justgoTests" */ = {
			isa = XCConfigurationList;
			buildConfigurations = (
				456038131A77203500C7A230 /* Debug */,
				456038141A77203500C7A230 /* Release */,
			);
			defaultConfigurationIsVisible = 0;
			defaultConfigurationName = Release;
		};
/* End XCConfigurationList section */
	};
	rootObject = 456037E41A77203400C7A230 /* Project object */;
}
